# THIS IS AN AUTOGENERATED FILE. DO NOT EDIT THIS FILE DIRECTLY.
# yarn lockfile v1


"@types/eslint@^7.2.6":
  version "7.2.10"
  resolved "https://registry.yarnpkg.com/@types/eslint/-/eslint-7.2.10.tgz#4b7a9368d46c0f8cd5408c23288a59aa2394d917"
  integrity sha512-kUEPnMKrqbtpCq/KTaGFFKAcz6Ethm2EjCoKIDaCmfRBWLbFuTcOJfTlorwbnboXBzahqWLgUp1BQeKHiJzPUQ==
  dependencies:
    "@types/estree" "*"
    "@types/json-schema" "*"

"@types/estree@*":
  version "0.0.47"
  resolved "https://registry.yarnpkg.com/@types/estree/-/estree-0.0.47.tgz#d7a51db20f0650efec24cd04994f523d93172ed4"
  integrity sha512-c5ciR06jK8u9BstrmJyO97m+klJrrhCf9u3rLu3DEAJBirxRqSCvDQoYKmxuYwQI5SZChAWu+tq9oVlGRuzPAg==

"@types/json-schema@*":
  version "7.0.7"
  resolved "https://registry.yarnpkg.com/@types/json-schema/-/json-schema-7.0.7.tgz#98a993516c859eb0d5c4c8f098317a9ea68db9ad"
  integrity sha512-cxWFQVseBm6O9Gbw1IWb8r6OS4OhSt3hPZLkFApLjM8TEXROBuQGLAH2i2gZpcXdLBIrpXuTDhH7Vbm1iXmNGA==
